// !$*UTF8*$!
{
	archiveVersion = 1;
	classes = {
	};
	objectVersion = 50;
	objects = {

/* Begin PBXBuildFile section */
		9EC49FE724959908007B5DC1 /* AppDelegate.swift in Sources */ = {isa = PBXBuildFile; fileRef = 9EC49FE624959908007B5DC1 /* AppDelegate.swift */; };
		9EC49FE924959908007B5DC1 /* SceneDelegate.swift in Sources */ = {isa = PBXBuildFile; fileRef = 9EC49FE824959908007B5DC1 /* SceneDelegate.swift */; };
		9EC49FEB24959908007B5DC1 /* ContentView.swift in Sources */ = {isa = PBXBuildFile; fileRef = 9EC49FEA24959908007B5DC1 /* ContentView.swift */; };
		9EC49FED2495990B007B5DC1 /* Assets.xcassets in Resources */ = {isa = PBXBuildFile; fileRef = 9EC49FEC2495990B007B5DC1 /* Assets.xcassets */; };
		9EC49FF02495990B007B5DC1 /* Preview Assets.xcassets in Resources */ = {isa = PBXBuildFile; fileRef = 9EC49FEF2495990B007B5DC1 /* Preview Assets.xcassets */; };
		9EC49FF32495990B007B5DC1 /* LaunchScreen.storyboard in Resources */ = {isa = PBXBuildFile; fileRef = 9EC49FF12495990B007B5DC1 /* LaunchScreen.storyboard */; };
/* End PBXBuildFile section */

/* Begin PBXFileReference section */
		9EC49FE324959908007B5DC1 /* ReceiptParser.app */ = {isa = PBXFileReference; explicitFileType = wrapper.application; includeInIndex = 0; path = ReceiptParser.app; sourceTree = BUILT_PRODUCTS_DIR; };
		9EC49FE624959908007B5DC1 /* AppDelegate.swift */ = {isa = PBXFileReference; lastKnownFileType = sourcecode.swift; path = AppDelegate.swift; sourceTree = "<group>"; };
		9EC49FE824959908007B5DC1 /* SceneDelegate.swift */ = {isa = PBXFileReference; lastKnownFileType = sourcecode.swift; path = SceneDelegate.swift; sourceTree = "<group>"; };
		9EC49FEA24959908007B5DC1 /* ContentView.swift */ = {isa = PBXFileReference; lastKnownFileType = sourcecode.swift; path = ContentView.swift; sourceTree = "<group>"; };
		9EC49FEC2495990B007B5DC1 /* Assets.xcassets */ = {isa = PBXFileReference; lastKnownFileType = folder.assetcatalog; path = Assets.xcassets; sourceTree = "<group>"; };
		9EC49FEF2495990B007B5DC1 /* Preview Assets.xcassets */ = {isa = PBXFileReference; lastKnownFileType = folder.assetcatalog; path = "Preview Assets.xcassets"; sourceTree = "<group>"; };
		9EC49FF22495990B007B5DC1 /* Base */ = {isa = PBXFileReference; lastKnownFileType = file.storyboard; name = Base; path = Base.lproj/LaunchScreen.storyboard; sourceTree = "<group>"; };
		9EC49FF42495990B007B5DC1 /* Info.plist */ = {isa = PBXFileReference; lastKnownFileType = text.plist.xml; path = Info.plist; sourceTree = "<group>"; };
/* End PBXFileReference section */

/* Begin PBXFrameworksBuildPhase section */
		9EC49FE024959908007B5DC1 /* Frameworks */ = {
			isa = PBXFrameworksBuildPhase;
			buildActionMask = 2147483647;
			files = (
			);
			runOnlyForDeploymentPostprocessing = 0;
		};
/* End PBXFrameworksBuildPhase section */

/* Begin PBXGroup section */
		9EC49FDA24959908007B5DC1 = {
			isa = PBXGroup;
			children = (
				9EC49FE524959908007B5DC1 /* ReceiptParser */,
				9EC49FE424959908007B5DC1 /* Products */,
			);
			sourceTree = "<group>";
		};
		9EC49FE424959908007B5DC1 /* Products */ = {
			isa = PBXGroup;
			children = (
				9EC49FE324959908007B5DC1 /* ReceiptParser.app */,
			);
			name = Products;
			sourceTree = "<group>";
		};
		9EC49FE524959908007B5DC1 /* ReceiptParser */ = {
			isa = PBXGroup;
			children = (
				9EC49FE624959908007B5DC1 /* AppDelegate.swift */,
				9EC49FE824959908007B5DC1 /* SceneDelegate.swift */,
				9EC49FEA24959908007B5DC1 /* ContentView.swift */,
				9EC49FEC2495990B007B5DC1 /* Assets.xcassets */,
				9EC49FF12495990B007B5DC1 /* LaunchScreen.storyboard */,
				9EC49FF42495990B007B5DC1 /* Info.plist */,
				9EC49FEE2495990B007B5DC1 /* Preview Content */,
			);
			path = ReceiptParser;
			sourceTree = "<group>";
		};
		9EC49FEE2495990B007B5DC1 /* Preview Content */ = {
			isa = PBXGroup;
			children = (
				9EC49FEF2495990B007B5DC1 /* Preview Assets.xcassets */,
			);
			path = "Preview Content";
			sourceTree = "<group>";
		};
/* End PBXGroup section */

/* Begin PBXNativeTarget section */
		9EC49FE224959908007B5DC1 /* ReceiptParser */ = {
			isa = PBXNativeTarget;
			buildConfigurationList = 9EC49FF72495990B007B5DC1 /* Build configuration list for PBXNativeTarget "ReceiptParser" */;
			buildPhases = (
				9EC49FDF24959908007B5DC1 /* Sources */,
				9EC49FE024959908007B5DC1 /* Frameworks */,
				9EC49FE124959908007B5DC1 /* Resources */,
			);
			buildRules = (
			);
			dependencies = (
			);
			name = ReceiptParser;
			productName = ReceiptParser;
			productReference = 9EC49FE324959908007B5DC1 /* ReceiptParser.app */;
			productType = "com.apple.product-type.application";
		};
/* End PBXNativeTarget section */

/* Begin PBXProject section */
		9EC49FDB24959908007B5DC1 /* Project object */ = {
			isa = PBXProject;
			attributes = {
				LastSwiftUpdateCheck = 1150;
				LastUpgradeCheck = 1150;
				ORGANIZATIONNAME = "Yan Malinovsky";
				TargetAttributes = {
					9EC49FE224959908007B5DC1 = {
						CreatedOnToolsVersion = 11.5;
					};
				};
			};
			buildConfigurationList = 9EC49FDE24959908007B5DC1 /* Build configuration list for PBXProject "ReceiptParser" */;
			compatibilityVersion = "Xcode 9.3";
			developmentRegion = en;
			hasScannedForEncodings = 0;
			knownRegions = (
				en,
				Base,
			);
			mainGroup = 9EC49FDA24959908007B5DC1;
			productRefGroup = 9EC49FE424959908007B5DC1 /* Products */;
			projectDirPath = "";
			projectRoot = "";
			targets = (
				9EC49FE224959908007B5DC1 /* ReceiptParser */,
			);
		};
/* End PBXProject section */

/* Begin PBXResourcesBuildPhase section */
		9EC49FE124959908007B5DC1 /* Resources */ = {
			isa = PBXResourcesBuildPhase;
			buildActionMask = 2147483647;
			files = (
				9EC49FF32495990B007B5DC1 /* LaunchScreen.storyboard in Resources */,
				9EC49FF02495990B007B5DC1 /* Preview Assets.xcassets in Resources */,
				9EC49FED2495990B007B5DC1 /* Assets.xcassets in Resources */,
			);
			runOnlyForDeploymentPostprocessing = 0;
		};
/* End PBXResourcesBuildPhase section */

/* Begin PBXSourcesBuildPhase section */
		9EC49FDF24959908007B5DC1 /* Sources */ = {
			isa = PBXSourcesBuildPhase;
			buildActionMask = 2147483647;
			files = (
				9EC49FE724959908007B5DC1 /* AppDelegate.swift in Sources */,
				9EC49FE924959908007B5DC1 /* SceneDelegate.swift in Sources */,
				9EC49FEB24959908007B5DC1 /* ContentView.swift in Sources */,
			);
			runOnlyForDeploymentPostprocessing = 0;
		};
/* End PBXSourcesBuildPhase section */

/* Begin PBXVariantGroup section */
		9EC49FF12495990B007B5DC1 /* LaunchScreen.storyboard */ = {
			isa = PBXVariantGroup;
			children = (
				9EC49FF22495990B007B5DC1 /* Base */,
			);
			name = LaunchScreen.storyboard;
			sourceTree = "<group>";
		};
/* End PBXVariantGroup section */

/* Begin XCBuildConfiguration section */
		9EC49FF52495990B007B5DC1 /* Debug */ = {
			isa = XCBuildConfiguration;
			buildSettings = {
				ALWAYS_SEARCH_USER_PATHS = NO;
				CLANG_ANALYZER_NONNULL = YES;
				CLANG_ANALYZER_NUMBER_OBJECT_CONVERSION = YES_AGGRESSIVE;
				CLANG_CXX_LANGUAGE_STANDARD = "gnu++14";
				CLANG_CXX_LIBRARY = "libc++";
				CLANG_ENABLE_MODULES = YES;
				CLANG_ENABLE_OBJC_ARC = YES;
				CLANG_ENABLE_OBJC_WEAK = YES;
				CLANG_WARN_BLOCK_CAPTURE_AUTORELEASING = YES;
				CLANG_WARN_BOOL_CONVERSION = YES;
				CLANG_WARN_COMMA = YES;
				CLANG_WARN_CONSTANT_CONVERSION = YES;
				CLANG_WARN_DEPRECATED_OBJC_IMPLEMENTATIONS = YES;
				CLANG_WARN_DIRECT_OBJC_ISA_USAGE = YES_ERROR;
				CLANG_WARN_DOCUMENTATION_COMMENTS = YES;
				CLANG_WARN_EMPTY_BODY = YES;
				CLANG_WARN_ENUM_CONVERSION = YES;
				CLANG_WARN_INFINITE_RECURSION = YES;
				CLANG_WARN_INT_CONVERSION = YES;
				CLANG_WARN_NON_LITERAL_NULL_CONVERSION = YES;
				CLANG_WARN_OBJC_IMPLICIT_RETAIN_SELF = YES;
				CLANG_WARN_OBJC_LITERAL_CONVERSION = YES;
				CLANG_WARN_OBJC_ROOT_CLASS = YES_ERROR;
				CLANG_WARN_RANGE_LOOP_ANALYSIS = YES;
				CLANG_WARN_STRICT_PROTOTYPES = YES;
				CLANG_WARN_SUSPICIOUS_MOVE = YES;
				CLANG_WARN_UNGUARDED_AVAILABILITY = YES_AGGRESSIVE;
				CLANG_WARN_UNREACHABLE_CODE = YES;
				CLANG_WARN__DUPLICATE_METHOD_MATCH = YES;
				COPY_PHASE_STRIP = NO;
				DEBUG_INFORMATION_FORMAT = dwarf;
				ENABLE_STRICT_OBJC_MSGSEND = YES;
				ENABLE_TESTABILITY = YES;
				GCC_C_LANGUAGE_STANDARD = gnu11;
				GCC_DYNAMIC_NO_PIC = NO;
				GCC_NO_COMMON_BLOCKS = YES;
				GCC_OPTIMIZATION_LEVEL = 0;
				GCC_PREPROCESSOR_DEFINITIONS = (
					"DEBUG=1",
					"$(inherited)",
				);
				GCC_WARN_64_TO_32_BIT_CONVERSION = YES;
				GCC_WARN_ABOUT_RETURN_TYPE = YES_ERROR;
				GCC_WARN_UNDECLARED_SELECTOR = YES;
				GCC_WARN_UNINITIALIZED_AUTOS = YES_AGGRESSIVE;
				GCC_WARN_UNUSED_FUNCTION = YES;
				GCC_WARN_UNUSED_VARIABLE = YES;
				IPHONEOS_DEPLOYMENT_TARGET = 13.5;
				MTL_ENABLE_DEBUG_INFO = INCLUDE_SOURCE;
				MTL_FAST_MATH = YES;
				ONLY_ACTIVE_ARCH = YES;
				SDKROOT = iphoneos;
				SWIFT_ACTIVE_COMPILATION_CONDITIONS = DEBUG;
				SWIFT_OPTIMIZATION_LEVEL = "-Onone";
			};
			name = Debug;
		};
		9EC49FF62495990B007B5DC1 /* Release */ = {
			isa = XCBuildConfiguration;
			buildSettings = {
				ALWAYS_SEARCH_USER_PATHS = NO;
				CLANG_ANALYZER_NONNULL = YES;
				CLANG_ANALYZER_NUMBER_OBJECT_CONVERSION = YES_AGGRESSIVE;
				CLANG_CXX_LANGUAGE_STANDARD = "gnu++14";
				CLANG_CXX_LIBRARY = "libc++";
				CLANG_ENABLE_MODULES = YES;
				CLANG_ENABLE_OBJC_ARC = YES;
				CLANG_ENABLE_OBJC_WEAK = YES;
				CLANG_WARN_BLOCK_CAPTURE_AUTORELEASING = YES;
				CLANG_WARN_BOOL_CONVERSION = YES;
				CLANG_WARN_COMMA = YES;
				CLANG_WARN_CONSTANT_CONVERSION = YES;
				CLANG_WARN_DEPRECATED_OBJC_IMPLEMENTATIONS = YES;
				CLANG_WARN_DIRECT_OBJC_ISA_USAGE = YES_ERROR;
				CLANG_WARN_DOCUMENTATION_COMMENTS = YES;
				CLANG_WARN_EMPTY_BODY = YES;
				CLANG_WARN_ENUM_CONVERSION = YES;
				CLANG_WARN_INFINITE_RECURSION = YES;
				CLANG_WARN_INT_CONVERSION = YES;
				CLANG_WARN_NON_LITERAL_NULL_CONVERSION = YES;
				CLANG_WARN_OBJC_IMPLICIT_RETAIN_SELF = YES;
				CLANG_WARN_OBJC_LITERAL_CONVERSION = YES;
				CLANG_WARN_OBJC_ROOT_CLASS = YES_ERROR;
				CLANG_WARN_RANGE_LOOP_ANALYSIS = YES;
				CLANG_WARN_STRICT_PROTOTYPES = YES;
				CLANG_WARN_SUSPICIOUS_MOVE = YES;
				CLANG_WARN_UNGUARDED_AVAILABILITY = YES_AGGRESSIVE;
				CLANG_WARN_UNREACHABLE_CODE = YES;
				CLANG_WARN__DUPLICATE_METHOD_MATCH = YES;
				COPY_PHASE_STRIP = NO;
				DEBUG_INFORMATION_FORMAT = "dwarf-with-dsym";
				ENABLE_NS_ASSERTIONS = NO;
				ENABLE_STRICT_OBJC_MSGSEND = YES;
				GCC_C_LANGUAGE_STANDARD = gnu11;
				GCC_NO_COMMON_BLOCKS = YES;
				GCC_WARN_64_TO_32_BIT_CONVERSION = YES;
				GCC_WARN_ABOUT_RETURN_TYPE = YES_ERROR;
				GCC_WARN_UNDECLARED_SELECTOR = YES;
				GCC_WARN_UNINITIALIZED_AUTOS = YES_AGGRESSIVE;
				GCC_WARN_UNUSED_FUNCTION = YES;
				GCC_WARN_UNUSED_VARIABLE = YES;
				IPHONEOS_DEPLOYMENT_TARGET = 13.5;
				MTL_ENABLE_DEBUG_INFO = NO;
				MTL_FAST_MATH = YES;
				SDKROOT = iphoneos;
				SWIFT_COMPILATION_MODE = wholemodule;
				SWIFT_OPTIMIZATION_LEVEL = "-O";
				VALIDATE_PRODUCT = YES;
			};
			name = Release;
		};
		9EC49FF82495990B007B5DC1 /* Debug */ = {
			isa = XCBuildConfiguration;
			buildSettings = {
				ASSETCATALOG_COMPILER_APPICON_NAME = AppIcon;
				CODE_SIGN_STYLE = Automatic;
				DEVELOPMENT_ASSET_PATHS = "\"ReceiptParser/Preview Content\"";
				DEVELOPMENT_TEAM = PSLRJ6EG6T;
				ENABLE_PREVIEWS = YES;
				INFOPLIST_FILE = ReceiptParser/Info.plist;
				LD_RUNPATH_SEARCH_PATHS = (
					"$(inherited)",
					"@executable_path/Frameworks",
				);
				PRODUCT_BUNDLE_IDENTIFIER = com.ymalinovsky.ReceiptParser;
				PRODUCT_NAME = "$(TARGET_NAME)";
				SWIFT_VERSION = 5.0;
				TARGETED_DEVICE_FAMILY = "1,2";
			};
			name = Debug;
		};
		9EC49FF92495990B007B5DC1 /* Release */ = {
			isa = XCBuildConfiguration;
			buildSettings = {
				ASSETCATALOG_COMPILER_APPICON_NAME = AppIcon;
				CODE_SIGN_STYLE = Automatic;
				DEVELOPMENT_ASSET_PATHS = "\"ReceiptParser/Preview Content\"";
				DEVELOPMENT_TEAM = PSLRJ6EG6T;
				ENABLE_PREVIEWS = YES;
				INFOPLIST_FILE = ReceiptParser/Info.plist;
				LD_RUNPATH_SEARCH_PATHS = (
					"$(inherited)",
					"@executable_path/Frameworks",
				);
				PRODUCT_BUNDLE_IDENTIFIER = com.ymalinovsky.ReceiptParser;
				PRODUCT_NAME = "$(TARGET_NAME)";
				SWIFT_VERSION = 5.0;
				TARGETED_DEVICE_FAMILY = "1,2";
			};
			name = Release;
		};
/* End XCBuildConfiguration section */

/* Begin XCConfigurationList section */
		9EC49FDE24959908007B5DC1 /* Build configuration list for PBXProject "ReceiptParser" */ = {
			isa = XCConfigurationList;
			buildConfigurations = (
				9EC49FF52495990B007B5DC1 /* Debug */,
				9EC49FF62495990B007B5DC1 /* Release */,
			);
			defaultConfigurationIsVisible = 0;
			defaultConfigurationName = Release;
		};
		9EC49FF72495990B007B5DC1 /* Build configuration list for PBXNativeTarget "ReceiptParser" */ = {
			isa = XCConfigurationList;
			buildConfigurations = (
				9EC49FF82495990B007B5DC1 /* Debug */,
				9EC49FF92495990B007B5DC1 /* Release */,
			);
			defaultConfigurationIsVisible = 0;
			defaultConfigurationName = Release;
		};
/* End XCConfigurationList section */
	};
	rootObject = 9EC49FDB24959908007B5DC1 /* Project object */;
}
